// !$*UTF8*$!
{
	archiveVersion = 1;
	classes = {
	};
	objectVersion = 46;
	objects = {

/* Begin PBXBuildFile section */
		513BF2A01F487347007879F0 /* AppDelegate.swift in Sources */ = {isa = PBXBuildFile; fileRef = 513BF29F1F487347007879F0 /* AppDelegate.swift */; };
		513BF2A21F487347007879F0 /* MainViewController.swift in Sources */ = {isa = PBXBuildFile; fileRef = 513BF2A11F487347007879F0 /* MainViewController.swift */; };
		513BF2A71F487347007879F0 /* Assets.xcassets in Resources */ = {isa = PBXBuildFile; fileRef = 513BF2A61F487347007879F0 /* Assets.xcassets */; };
		513BF2AA1F487347007879F0 /* LaunchScreen.storyboard in Resources */ = {isa = PBXBuildFile; fileRef = 513BF2A81F487347007879F0 /* LaunchScreen.storyboard */; };
		768C28E09E8F42C0AB928DB4 /* Pods_FirebaseEx.framework in Frameworks */ = {isa = PBXBuildFile; fileRef = 5AF15102A380DF34468FFD15 /* Pods_FirebaseEx.framework */; };
/* End PBXBuildFile section */

/* Begin PBXFileReference section */
		513BF29C1F487347007879F0 /* FirebaseEx.app */ = {isa = PBXFileReference; explicitFileType = wrapper.application; includeInIndex = 0; path = FirebaseEx.app; sourceTree = BUILT_PRODUCTS_DIR; };
		513BF29F1F487347007879F0 /* AppDelegate.swift */ = {isa = PBXFileReference; lastKnownFileType = sourcecode.swift; path = AppDelegate.swift; sourceTree = "<group>"; };
		513BF2A11F487347007879F0 /* MainViewController.swift */ = {isa = PBXFileReference; lastKnownFileType = sourcecode.swift; path = MainViewController.swift; sourceTree = "<group>"; };
		513BF2A61F487347007879F0 /* Assets.xcassets */ = {isa = PBXFileReference; lastKnownFileType = folder.assetcatalog; path = Assets.xcassets; sourceTree = "<group>"; };
		513BF2A91F487347007879F0 /* Base */ = {isa = PBXFileReference; lastKnownFileType = file.storyboard; name = Base; path = Base.lproj/LaunchScreen.storyboard; sourceTree = "<group>"; };
		513BF2AB1F487347007879F0 /* Info.plist */ = {isa = PBXFileReference; lastKnownFileType = text.plist.xml; path = Info.plist; sourceTree = "<group>"; };
		5AF15102A380DF34468FFD15 /* Pods_FirebaseEx.framework */ = {isa = PBXFileReference; explicitFileType = wrapper.framework; includeInIndex = 0; path = Pods_FirebaseEx.framework; sourceTree = BUILT_PRODUCTS_DIR; };
		66EE53BA4012D6828B30A868 /* Pods-FirebaseEx.release.xcconfig */ = {isa = PBXFileReference; includeInIndex = 1; lastKnownFileType = text.xcconfig; name = "Pods-FirebaseEx.release.xcconfig"; path = "Pods/Target Support Files/Pods-FirebaseEx/Pods-FirebaseEx.release.xcconfig"; sourceTree = "<group>"; };
		CE9AE8064F340BE9D89CF632 /* Pods-FirebaseEx.debug.xcconfig */ = {isa = PBXFileReference; includeInIndex = 1; lastKnownFileType = text.xcconfig; name = "Pods-FirebaseEx.debug.xcconfig"; path = "Pods/Target Support Files/Pods-FirebaseEx/Pods-FirebaseEx.debug.xcconfig"; sourceTree = "<group>"; };
/* End PBXFileReference section */

/* Begin PBXFrameworksBuildPhase section */
		513BF2991F487347007879F0 /* Frameworks */ = {
			isa = PBXFrameworksBuildPhase;
			buildActionMask = 2147483647;
			files = (
				768C28E09E8F42C0AB928DB4 /* Pods_FirebaseEx.framework in Frameworks */,
			);
			runOnlyForDeploymentPostprocessing = 0;
		};
/* End PBXFrameworksBuildPhase section */

/* Begin PBXGroup section */
		513BF2931F487347007879F0 = {
			isa = PBXGroup;
			children = (
				513BF29E1F487347007879F0 /* FirebaseEx */,
				513BF29D1F487347007879F0 /* Products */,
				E6BF37CB7595B664F946DAB0 /* Pods */,
				DEDBAFD8127A2AE8D24A7FBE /* Frameworks */,
			);
			sourceTree = "<group>";
		};
		513BF29D1F487347007879F0 /* Products */ = {
			isa = PBXGroup;
			children = (
				513BF29C1F487347007879F0 /* FirebaseEx.app */,
			);
			name = Products;
			sourceTree = "<group>";
		};
		513BF29E1F487347007879F0 /* FirebaseEx */ = {
			isa = PBXGroup;
			children = (
				513BF29F1F487347007879F0 /* AppDelegate.swift */,
				513BF2A11F487347007879F0 /* MainViewController.swift */,
				513BF2A61F487347007879F0 /* Assets.xcassets */,
				513BF2A81F487347007879F0 /* LaunchScreen.storyboard */,
				513BF2AB1F487347007879F0 /* Info.plist */,
			);
			path = FirebaseEx;
			sourceTree = "<group>";
		};
		DEDBAFD8127A2AE8D24A7FBE /* Frameworks */ = {
			isa = PBXGroup;
			children = (
				5AF15102A380DF34468FFD15 /* Pods_FirebaseEx.framework */,
			);
			name = Frameworks;
			sourceTree = "<group>";
		};
		E6BF37CB7595B664F946DAB0 /* Pods */ = {
			isa = PBXGroup;
			children = (
				CE9AE8064F340BE9D89CF632 /* Pods-FirebaseEx.debug.xcconfig */,
				66EE53BA4012D6828B30A868 /* Pods-FirebaseEx.release.xcconfig */,
			);
			name = Pods;
			sourceTree = "<group>";
		};
/* End PBXGroup section */

/* Begin PBXNativeTarget section */
		513BF29B1F487347007879F0 /* FirebaseEx */ = {
			isa = PBXNativeTarget;
			buildConfigurationList = 513BF2AE1F487347007879F0 /* Build configuration list for PBXNativeTarget "FirebaseEx" */;
			buildPhases = (
				C0F0608AFE128AEF88E9056C /* [CP] Check Pods Manifest.lock */,
				513BF2981F487347007879F0 /* Sources */,
				513BF2991F487347007879F0 /* Frameworks */,
				513BF29A1F487347007879F0 /* Resources */,
				B0323B4BCD95394D9AAF0350 /* [CP] Embed Pods Frameworks */,
				C43B65A5439A02463C47616D /* [CP] Copy Pods Resources */,
			);
			buildRules = (
			);
			dependencies = (
			);
			name = FirebaseEx;
			productName = FirebaseEx;
			productReference = 513BF29C1F487347007879F0 /* FirebaseEx.app */;
			productType = "com.apple.product-type.application";
		};
/* End PBXNativeTarget section */

/* Begin PBXProject section */
		513BF2941F487347007879F0 /* Project object */ = {
			isa = PBXProject;
			attributes = {
				LastSwiftUpdateCheck = 0830;
				LastUpgradeCheck = 0830;
				ORGANIZATIONNAME = JaesungMoon;
				TargetAttributes = {
					513BF29B1F487347007879F0 = {
						CreatedOnToolsVersion = 8.3.3;
						DevelopmentTeam = ZP4TJYT82R;
						ProvisioningStyle = Automatic;
					};
				};
			};
			buildConfigurationList = 513BF2971F487347007879F0 /* Build configuration list for PBXProject "FirebaseEx" */;
			compatibilityVersion = "Xcode 3.2";
			developmentRegion = English;
			hasScannedForEncodings = 0;
			knownRegions = (
				en,
				Base,
			);
			mainGroup = 513BF2931F487347007879F0;
			productRefGroup = 513BF29D1F487347007879F0 /* Products */;
			projectDirPath = "";
			projectRoot = "";
			targets = (
				513BF29B1F487347007879F0 /* FirebaseEx */,
			);
		};
/* End PBXProject section */

/* Begin PBXResourcesBuildPhase section */
		513BF29A1F487347007879F0 /* Resources */ = {
			isa = PBXResourcesBuildPhase;
			buildActionMask = 2147483647;
			files = (
				513BF2AA1F487347007879F0 /* LaunchScreen.storyboard in Resources */,
				513BF2A71F487347007879F0 /* Assets.xcassets in Resources */,
			);
			runOnlyForDeploymentPostprocessing = 0;
		};
/* End PBXResourcesBuildPhase section */

/* Begin PBXShellScriptBuildPhase section */
		B0323B4BCD95394D9AAF0350 /* [CP] Embed Pods Frameworks */ = {
			isa = PBXShellScriptBuildPhase;
			buildActionMask = 2147483647;
			files = (
			);
			inputPaths = (
			);
			name = "[CP] Embed Pods Frameworks";
			outputPaths = (
			);
			runOnlyForDeploymentPostprocessing = 0;
			shellPath = /bin/sh;
			shellScript = "\"${SRCROOT}/Pods/Target Support Files/Pods-FirebaseEx/Pods-FirebaseEx-frameworks.sh\"\n";
			showEnvVarsInLog = 0;
		};
		C0F0608AFE128AEF88E9056C /* [CP] Check Pods Manifest.lock */ = {
			isa = PBXShellScriptBuildPhase;
			buildActionMask = 2147483647;
			files = (
			);
			inputPaths = (
			);
			name = "[CP] Check Pods Manifest.lock";
			outputPaths = (
			);
			runOnlyForDeploymentPostprocessing = 0;
			shellPath = /bin/sh;
			shellScript = "diff \"${PODS_PODFILE_DIR_PATH}/Podfile.lock\" \"${PODS_ROOT}/Manifest.lock\" > /dev/null\nif [ $? != 0 ] ; then\n    # print error to STDERR\n    echo \"error: The sandbox is not in sync with the Podfile.lock. Run 'pod install' or update your CocoaPods installation.\" >&2\n    exit 1\nfi\n";
			showEnvVarsInLog = 0;
		};
		C43B65A5439A02463C47616D /* [CP] Copy Pods Resources */ = {
			isa = PBXShellScriptBuildPhase;
			buildActionMask = 2147483647;
			files = (
			);
			inputPaths = (
			);
			name = "[CP] Copy Pods Resources";
			outputPaths = (
			);
			runOnlyForDeploymentPostprocessing = 0;
			shellPath = /bin/sh;
			shellScript = "\"${SRCROOT}/Pods/Target Support Files/Pods-FirebaseEx/Pods-FirebaseEx-resources.sh\"\n";
			showEnvVarsInLog = 0;
		};
/* End PBXShellScriptBuildPhase section */

/* Begin PBXSourcesBuildPhase section */
		513BF2981F487347007879F0 /* Sources */ = {
			isa = PBXSourcesBuildPhase;
			buildActionMask = 2147483647;
			files = (
				513BF2A21F487347007879F0 /* MainViewController.swift in Sources */,
				513BF2A01F487347007879F0 /* AppDelegate.swift in Sources */,
			);
			runOnlyForDeploymentPostprocessing = 0;
		};
/* End PBXSourcesBuildPhase section */

/* Begin PBXVariantGroup section */
		513BF2A81F487347007879F0 /* LaunchScreen.storyboard */ = {
			isa = PBXVariantGroup;
			children = (
				513BF2A91F487347007879F0 /* Base */,
			);
			name = LaunchScreen.storyboard;
			sourceTree = "<group>";
		};
/* End PBXVariantGroup section */

/* Begin XCBuildConfiguration section */
		513BF2AC1F487347007879F0 /* Debug */ = {
			isa = XCBuildConfiguration;
			buildSettings = {
				ALWAYS_SEARCH_USER_PATHS = NO;
				CLANG_ANALYZER_NONNULL = YES;
				CLANG_ANALYZER_NUMBER_OBJECT_CONVERSION = YES_AGGRESSIVE;
				CLANG_CXX_LANGUAGE_STANDARD = "gnu++0x";
				CLANG_CXX_LIBRARY = "libc++";
				CLANG_ENABLE_MODULES = YES;
				CLANG_ENABLE_OBJC_ARC = YES;
				CLANG_WARN_BOOL_CONVERSION = YES;
				CLANG_WARN_CONSTANT_CONVERSION = YES;
				CLANG_WARN_DIRECT_OBJC_ISA_USAGE = YES_ERROR;
				CLANG_WARN_DOCUMENTATION_COMMENTS = YES;
				CLANG_WARN_EMPTY_BODY = YES;
				CLANG_WARN_ENUM_CONVERSION = YES;
				CLANG_WARN_INFINITE_RECURSION = YES;
				CLANG_WARN_INT_CONVERSION = YES;
				CLANG_WARN_OBJC_ROOT_CLASS = YES_ERROR;
				CLANG_WARN_SUSPICIOUS_MOVE = YES;
				CLANG_WARN_UNREACHABLE_CODE = YES;
				CLANG_WARN__DUPLICATE_METHOD_MATCH = YES;
				"CODE_SIGN_IDENTITY[sdk=iphoneos*]" = "iPhone Developer";
				COPY_PHASE_STRIP = NO;
				DEBUG_INFORMATION_FORMAT = dwarf;
				ENABLE_STRICT_OBJC_MSGSEND = YES;
				ENABLE_TESTABILITY = YES;
				GCC_C_LANGUAGE_STANDARD = gnu99;
				GCC_DYNAMIC_NO_PIC = NO;
				GCC_NO_COMMON_BLOCKS = YES;
				GCC_OPTIMIZATION_LEVEL = 0;
				GCC_PREPROCESSOR_DEFINITIONS = (
					"DEBUG=1",
					"$(inherited)",
				);
				GCC_WARN_64_TO_32_BIT_CONVERSION = YES;
				GCC_WARN_ABOUT_RETURN_TYPE = YES_ERROR;
				GCC_WARN_UNDECLARED_SELECTOR = YES;
				GCC_WARN_UNINITIALIZED_AUTOS = YES_AGGRESSIVE;
				GCC_WARN_UNUSED_FUNCTION = YES;
				GCC_WARN_UNUSED_VARIABLE = YES;
				IPHONEOS_DEPLOYMENT_TARGET = 10.3;
				MTL_ENABLE_DEBUG_INFO = YES;
				ONLY_ACTIVE_ARCH = YES;
				SDKROOT = iphoneos;
				SWIFT_ACTIVE_COMPILATION_CONDITIONS = DEBUG;
				SWIFT_OPTIMIZATION_LEVEL = "-Onone";
			};
			name = Debug;
		};
		513BF2AD1F487347007879F0 /* Release */ = {
			isa = XCBuildConfiguration;
			buildSettings = {
				ALWAYS_SEARCH_USER_PATHS = NO;
				CLANG_ANALYZER_NONNULL = YES;
				CLANG_ANALYZER_NUMBER_OBJECT_CONVERSION = YES_AGGRESSIVE;
				CLANG_CXX_LANGUAGE_STANDARD = "gnu++0x";
				CLANG_CXX_LIBRARY = "libc++";
				CLANG_ENABLE_MODULES = YES;
				CLANG_ENABLE_OBJC_ARC = YES;
				CLANG_WARN_BOOL_CONVERSION = YES;
				CLANG_WARN_CONSTANT_CONVERSION = YES;
				CLANG_WARN_DIRECT_OBJC_ISA_USAGE = YES_ERROR;
				CLANG_WARN_DOCUMENTATION_COMMENTS = YES;
				CLANG_WARN_EMPTY_BODY = YES;
				CLANG_WARN_ENUM_CONVERSION = YES;
				CLANG_WARN_INFINITE_RECURSION = YES;
				CLANG_WARN_INT_CONVERSION = YES;
				CLANG_WARN_OBJC_ROOT_CLASS = YES_ERROR;
				CLANG_WARN_SUSPICIOUS_MOVE = YES;
				CLANG_WARN_UNREACHABLE_CODE = YES;
				CLANG_WARN__DUPLICATE_METHOD_MATCH = YES;
				"CODE_SIGN_IDENTITY[sdk=iphoneos*]" = "iPhone Developer";
				COPY_PHASE_STRIP = NO;
				DEBUG_INFORMATION_FORMAT = "dwarf-with-dsym";
				ENABLE_NS_ASSERTIONS = NO;
				ENABLE_STRICT_OBJC_MSGSEND = YES;
				GCC_C_LANGUAGE_STANDARD = gnu99;
				GCC_NO_COMMON_BLOCKS = YES;
				GCC_WARN_64_TO_32_BIT_CONVERSION = YES;
				GCC_WARN_ABOUT_RETURN_TYPE = YES_ERROR;
				GCC_WARN_UNDECLARED_SELECTOR = YES;
				GCC_WARN_UNINITIALIZED_AUTOS = YES_AGGRESSIVE;
				GCC_WARN_UNUSED_FUNCTION = YES;
				GCC_WARN_UNUSED_VARIABLE = YES;
				IPHONEOS_DEPLOYMENT_TARGET = 10.3;
				MTL_ENABLE_DEBUG_INFO = NO;
				SDKROOT = iphoneos;
				SWIFT_OPTIMIZATION_LEVEL = "-Owholemodule";
				VALIDATE_PRODUCT = YES;
			};
			name = Release;
		};
		513BF2AF1F487347007879F0 /* Debug */ = {
			isa = XCBuildConfiguration;
			baseConfigurationReference = CE9AE8064F340BE9D89CF632 /* Pods-FirebaseEx.debug.xcconfig */;
			buildSettings = {
				ASSETCATALOG_COMPILER_APPICON_NAME = AppIcon;
				DEVELOPMENT_TEAM = ZP4TJYT82R;
				INFOPLIST_FILE = FirebaseEx/Info.plist;
				LD_RUNPATH_SEARCH_PATHS = "$(inherited) @executable_path/Frameworks";
				PRODUCT_BUNDLE_IDENTIFIER = gngs.FirebaseEx;
				PRODUCT_NAME = "$(TARGET_NAME)";
				SWIFT_VERSION = 3.0;
			};
			name = Debug;
		};
		513BF2B01F487347007879F0 /* Release */ = {
			isa = XCBuildConfiguration;
			baseConfigurationReference = 66EE53BA4012D6828B30A868 /* Pods-FirebaseEx.release.xcconfig */;
			buildSettings = {
				ASSETCATALOG_COMPILER_APPICON_NAME = AppIcon;
				DEVELOPMENT_TEAM = ZP4TJYT82R;
				INFOPLIST_FILE = FirebaseEx/Info.plist;
				LD_RUNPATH_SEARCH_PATHS = "$(inherited) @executable_path/Frameworks";
				PRODUCT_BUNDLE_IDENTIFIER = gngs.FirebaseEx;
				PRODUCT_NAME = "$(TARGET_NAME)";
				SWIFT_VERSION = 3.0;
			};
			name = Release;
		};
/* End XCBuildConfiguration section */

/* Begin XCConfigurationList section */
		513BF2971F487347007879F0 /* Build configuration list for PBXProject "FirebaseEx" */ = {
			isa = XCConfigurationList;
			buildConfigurations = (
				513BF2AC1F487347007879F0 /* Debug */,
				513BF2AD1F487347007879F0 /* Release */,
			);
			defaultConfigurationIsVisible = 0;
			defaultConfigurationName = Release;
		};
		513BF2AE1F487347007879F0 /* Build configuration list for PBXNativeTarget "FirebaseEx" */ = {
			isa = XCConfigurationList;
			buildConfigurations = (
				513BF2AF1F487347007879F0 /* Debug */,
				513BF2B01F487347007879F0 /* Release */,
			);
			defaultConfigurationIsVisible = 0;
			defaultConfigurationName = Release;
		};
/* End XCConfigurationList section */
	};
	rootObject = 513BF2941F487347007879F0 /* Project object */;
}
